// !$*UTF8*$!
{
	archiveVersion = 1;
	classes = {
	};
	objectVersion = 46;
	objects = {

/* Begin PBXBuildFile section */
		8C2EA05F1950909900E240FA /* Foundation.framework in Frameworks */ = {isa = PBXBuildFile; fileRef = 8C2EA05E1950909900E240FA /* Foundation.framework */; };
		8C2EA0611950909900E240FA /* CoreGraphics.framework in Frameworks */ = {isa = PBXBuildFile; fileRef = 8C2EA0601950909900E240FA /* CoreGraphics.framework */; };
		8C2EA0631950909900E240FA /* UIKit.framework in Frameworks */ = {isa = PBXBuildFile; fileRef = 8C2EA0621950909900E240FA /* UIKit.framework */; };
		8C2EA0691950909900E240FA /* InfoPlist.strings in Resources */ = {isa = PBXBuildFile; fileRef = 8C2EA0671950909900E240FA /* InfoPlist.strings */; };
		8C2EA06B1950909900E240FA /* main.m in Sources */ = {isa = PBXBuildFile; fileRef = 8C2EA06A1950909900E240FA /* main.m */; };
		8C2EA06F1950909900E240FA /* AppDelegate.m in Sources */ = {isa = PBXBuildFile; fileRef = 8C2EA06E1950909900E240FA /* AppDelegate.m */; };
		8C2EA0721950909900E240FA /* Main.storyboard in Resources */ = {isa = PBXBuildFile; fileRef = 8C2EA0701950909900E240FA /* Main.storyboard */; };
		8C2EA0751950909900E240FA /* ViewController.m in Sources */ = {isa = PBXBuildFile; fileRef = 8C2EA0741950909900E240FA /* ViewController.m */; };
		8C2EA0771950909900E240FA /* Images.xcassets in Resources */ = {isa = PBXBuildFile; fileRef = 8C2EA0761950909900E240FA /* Images.xcassets */; };
		8C2EA07E1950909900E240FA /* XCTest.framework in Frameworks */ = {isa = PBXBuildFile; fileRef = 8C2EA07D1950909900E240FA /* XCTest.framework */; };
		8C2EA07F1950909900E240FA /* Foundation.framework in Frameworks */ = {isa = PBXBuildFile; fileRef = 8C2EA05E1950909900E240FA /* Foundation.framework */; };
		8C2EA0801950909900E240FA /* UIKit.framework in Frameworks */ = {isa = PBXBuildFile; fileRef = 8C2EA0621950909900E240FA /* UIKit.framework */; };
		8C2EA0881950909900E240FA /* InfoPlist.strings in Resources */ = {isa = PBXBuildFile; fileRef = 8C2EA0861950909900E240FA /* InfoPlist.strings */; };
		8C2EA08A1950909900E240FA /* UIKitAnimationsTests.m in Sources */ = {isa = PBXBuildFile; fileRef = 8C2EA0891950909900E240FA /* UIKitAnimationsTests.m */; };
/* End PBXBuildFile section */

/* Begin PBXContainerItemProxy section */
		8C2EA0811950909900E240FA /* PBXContainerItemProxy */ = {
			isa = PBXContainerItemProxy;
			containerPortal = 8C2EA0531950909900E240FA /* Project object */;
			proxyType = 1;
			remoteGlobalIDString = 8C2EA05A1950909900E240FA;
			remoteInfo = UIKitAnimations;
		};
/* End PBXContainerItemProxy section */

/* Begin PBXFileReference section */
		8C2EA05B1950909900E240FA /* UIKitAnimations.app */ = {isa = PBXFileReference; explicitFileType = wrapper.application; includeInIndex = 0; path = UIKitAnimations.app; sourceTree = BUILT_PRODUCTS_DIR; };
		8C2EA05E1950909900E240FA /* Foundation.framework */ = {isa = PBXFileReference; lastKnownFileType = wrapper.framework; name = Foundation.framework; path = System/Library/Frameworks/Foundation.framework; sourceTree = SDKROOT; };
		8C2EA0601950909900E240FA /* CoreGraphics.framework */ = {isa = PBXFileReference; lastKnownFileType = wrapper.framework; name = CoreGraphics.framework; path = System/Library/Frameworks/CoreGraphics.framework; sourceTree = SDKROOT; };
		8C2EA0621950909900E240FA /* UIKit.framework */ = {isa = PBXFileReference; lastKnownFileType = wrapper.framework; name = UIKit.framework; path = System/Library/Frameworks/UIKit.framework; sourceTree = SDKROOT; };
		8C2EA0661950909900E240FA /* UIKitAnimations-Info.plist */ = {isa = PBXFileReference; lastKnownFileType = text.plist.xml; path = "UIKitAnimations-Info.plist"; sourceTree = "<group>"; };
		8C2EA0681950909900E240FA /* en */ = {isa = PBXFileReference; lastKnownFileType = text.plist.strings; name = en; path = en.lproj/InfoPlist.strings; sourceTree = "<group>"; };
		8C2EA06A1950909900E240FA /* main.m */ = {isa = PBXFileReference; lastKnownFileType = sourcecode.c.objc; path = main.m; sourceTree = "<group>"; };
		8C2EA06C1950909900E240FA /* UIKitAnimations-Prefix.pch */ = {isa = PBXFileReference; lastKnownFileType = sourcecode.c.h; path = "UIKitAnimations-Prefix.pch"; sourceTree = "<group>"; };
		8C2EA06D1950909900E240FA /* AppDelegate.h */ = {isa = PBXFileReference; lastKnownFileType = sourcecode.c.h; path = AppDelegate.h; sourceTree = "<group>"; };
		8C2EA06E1950909900E240FA /* AppDelegate.m */ = {isa = PBXFileReference; lastKnownFileType = sourcecode.c.objc; path = AppDelegate.m; sourceTree = "<group>"; };
		8C2EA0711950909900E240FA /* Base */ = {isa = PBXFileReference; lastKnownFileType = file.storyboard; name = Base; path = Base.lproj/Main.storyboard; sourceTree = "<group>"; };
		8C2EA0731950909900E240FA /* ViewController.h */ = {isa = PBXFileReference; lastKnownFileType = sourcecode.c.h; path = ViewController.h; sourceTree = "<group>"; };
		8C2EA0741950909900E240FA /* ViewController.m */ = {isa = PBXFileReference; lastKnownFileType = sourcecode.c.objc; path = ViewController.m; sourceTree = "<group>"; };
		8C2EA0761950909900E240FA /* Images.xcassets */ = {isa = PBXFileReference; lastKnownFileType = folder.assetcatalog; path = Images.xcassets; sourceTree = "<group>"; };
		8C2EA07C1950909900E240FA /* UIKitAnimationsTests.xctest */ = {isa = PBXFileReference; explicitFileType = wrapper.cfbundle; includeInIndex = 0; path = UIKitAnimationsTests.xctest; sourceTree = BUILT_PRODUCTS_DIR; };
		8C2EA07D1950909900E240FA /* XCTest.framework */ = {isa = PBXFileReference; lastKnownFileType = wrapper.framework; name = XCTest.framework; path = Library/Frameworks/XCTest.framework; sourceTree = DEVELOPER_DIR; };
		8C2EA0851950909900E240FA /* UIKitAnimationsTests-Info.plist */ = {isa = PBXFileReference; lastKnownFileType = text.plist.xml; path = "UIKitAnimationsTests-Info.plist"; sourceTree = "<group>"; };
		8C2EA0871950909900E240FA /* en */ = {isa = PBXFileReference; lastKnownFileType = text.plist.strings; name = en; path = en.lproj/InfoPlist.strings; sourceTree = "<group>"; };
		8C2EA0891950909900E240FA /* UIKitAnimationsTests.m */ = {isa = PBXFileReference; lastKnownFileType = sourcecode.c.objc; path = UIKitAnimationsTests.m; sourceTree = "<group>"; };
/* End PBXFileReference section */

/* Begin PBXFrameworksBuildPhase section */
		8C2EA0581950909900E240FA /* Frameworks */ = {
			isa = PBXFrameworksBuildPhase;
			buildActionMask = 2147483647;
			files = (
				8C2EA0611950909900E240FA /* CoreGraphics.framework in Frameworks */,
				8C2EA0631950909900E240FA /* UIKit.framework in Frameworks */,
				8C2EA05F1950909900E240FA /* Foundation.framework in Frameworks */,
			);
			runOnlyForDeploymentPostprocessing = 0;
		};
		8C2EA0791950909900E240FA /* Frameworks */ = {
			isa = PBXFrameworksBuildPhase;
			buildActionMask = 2147483647;
			files = (
				8C2EA07E1950909900E240FA /* XCTest.framework in Frameworks */,
				8C2EA0801950909900E240FA /* UIKit.framework in Frameworks */,
				8C2EA07F1950909900E240FA /* Foundation.framework in Frameworks */,
			);
			runOnlyForDeploymentPostprocessing = 0;
		};
/* End PBXFrameworksBuildPhase section */

/* Begin PBXGroup section */
		8C2EA0521950909900E240FA = {
			isa = PBXGroup;
			children = (
				8C2EA0641950909900E240FA /* UIKitAnimations */,
				8C2EA0831950909900E240FA /* UIKitAnimationsTests */,
				8C2EA05D1950909900E240FA /* Frameworks */,
				8C2EA05C1950909900E240FA /* Products */,
			);
			sourceTree = "<group>";
		};
		8C2EA05C1950909900E240FA /* Products */ = {
			isa = PBXGroup;
			children = (
				8C2EA05B1950909900E240FA /* UIKitAnimations.app */,
				8C2EA07C1950909900E240FA /* UIKitAnimationsTests.xctest */,
			);
			name = Products;
			sourceTree = "<group>";
		};
		8C2EA05D1950909900E240FA /* Frameworks */ = {
			isa = PBXGroup;
			children = (
				8C2EA05E1950909900E240FA /* Foundation.framework */,
				8C2EA0601950909900E240FA /* CoreGraphics.framework */,
				8C2EA0621950909900E240FA /* UIKit.framework */,
				8C2EA07D1950909900E240FA /* XCTest.framework */,
			);
			name = Frameworks;
			sourceTree = "<group>";
		};
		8C2EA0641950909900E240FA /* UIKitAnimations */ = {
			isa = PBXGroup;
			children = (
				8C2EA06D1950909900E240FA /* AppDelegate.h */,
				8C2EA06E1950909900E240FA /* AppDelegate.m */,
				8C2EA0701950909900E240FA /* Main.storyboard */,
				8C2EA0731950909900E240FA /* ViewController.h */,
				8C2EA0741950909900E240FA /* ViewController.m */,
				8C2EA0761950909900E240FA /* Images.xcassets */,
				8C2EA0651950909900E240FA /* Supporting Files */,
			);
			path = UIKitAnimations;
			sourceTree = "<group>";
		};
		8C2EA0651950909900E240FA /* Supporting Files */ = {
			isa = PBXGroup;
			children = (
				8C2EA0661950909900E240FA /* UIKitAnimations-Info.plist */,
				8C2EA0671950909900E240FA /* InfoPlist.strings */,
				8C2EA06A1950909900E240FA /* main.m */,
				8C2EA06C1950909900E240FA /* UIKitAnimations-Prefix.pch */,
			);
			name = "Supporting Files";
			sourceTree = "<group>";
		};
		8C2EA0831950909900E240FA /* UIKitAnimationsTests */ = {
			isa = PBXGroup;
			children = (
				8C2EA0891950909900E240FA /* UIKitAnimationsTests.m */,
				8C2EA0841950909900E240FA /* Supporting Files */,
			);
			path = UIKitAnimationsTests;
			sourceTree = "<group>";
		};
		8C2EA0841950909900E240FA /* Supporting Files */ = {
			isa = PBXGroup;
			children = (
				8C2EA0851950909900E240FA /* UIKitAnimationsTests-Info.plist */,
				8C2EA0861950909900E240FA /* InfoPlist.strings */,
			);
			name = "Supporting Files";
			sourceTree = "<group>";
		};
/* End PBXGroup section */

/* Begin PBXNativeTarget section */
		8C2EA05A1950909900E240FA /* UIKitAnimations */ = {
			isa = PBXNativeTarget;
			buildConfigurationList = 8C2EA08D1950909900E240FA /* Build configuration list for PBXNativeTarget "UIKitAnimations" */;
			buildPhases = (
				8C2EA0571950909900E240FA /* Sources */,
				8C2EA0581950909900E240FA /* Frameworks */,
				8C2EA0591950909900E240FA /* Resources */,
			);
			buildRules = (
			);
			dependencies = (
			);
			name = UIKitAnimations;
			productName = UIKitAnimations;
			productReference = 8C2EA05B1950909900E240FA /* UIKitAnimations.app */;
			productType = "com.apple.product-type.application";
		};
		8C2EA07B1950909900E240FA /* UIKitAnimationsTests */ = {
			isa = PBXNativeTarget;
			buildConfigurationList = 8C2EA0901950909900E240FA /* Build configuration list for PBXNativeTarget "UIKitAnimationsTests" */;
			buildPhases = (
				8C2EA0781950909900E240FA /* Sources */,
				8C2EA0791950909900E240FA /* Frameworks */,
				8C2EA07A1950909900E240FA /* Resources */,
			);
			buildRules = (
			);
			dependencies = (
				8C2EA0821950909900E240FA /* PBXTargetDependency */,
			);
			name = UIKitAnimationsTests;
			productName = UIKitAnimationsTests;
			productReference = 8C2EA07C1950909900E240FA /* UIKitAnimationsTests.xctest */;
			productType = "com.apple.product-type.bundle.unit-test";
		};
/* End PBXNativeTarget section */

/* Begin PBXProject section */
		8C2EA0531950909900E240FA /* Project object */ = {
			isa = PBXProject;
			attributes = {
				LastUpgradeCheck = 0510;
				ORGANIZATIONNAME = "Ricardo Sanchez";
				TargetAttributes = {
					8C2EA07B1950909900E240FA = {
						TestTargetID = 8C2EA05A1950909900E240FA;
					};
				};
			};
			buildConfigurationList = 8C2EA0561950909900E240FA /* Build configuration list for PBXProject "UIKitAnimations" */;
			compatibilityVersion = "Xcode 3.2";
			developmentRegion = English;
			hasScannedForEncodings = 0;
			knownRegions = (
				en,
				Base,
			);
			mainGroup = 8C2EA0521950909900E240FA;
			productRefGroup = 8C2EA05C1950909900E240FA /* Products */;
			projectDirPath = "";
			projectRoot = "";
			targets = (
				8C2EA05A1950909900E240FA /* UIKitAnimations */,
				8C2EA07B1950909900E240FA /* UIKitAnimationsTests */,
			);
		};
/* End PBXProject section */

/* Begin PBXResourcesBuildPhase section */
		8C2EA0591950909900E240FA /* Resources */ = {
			isa = PBXResourcesBuildPhase;
			buildActionMask = 2147483647;
			files = (
				8C2EA0771950909900E240FA /* Images.xcassets in Resources */,
				8C2EA0691950909900E240FA /* InfoPlist.strings in Resources */,
				8C2EA0721950909900E240FA /* Main.storyboard in Resources */,
			);
			runOnlyForDeploymentPostprocessing = 0;
		};
		8C2EA07A1950909900E240FA /* Resources */ = {
			isa = PBXResourcesBuildPhase;
			buildActionMask = 2147483647;
			files = (
				8C2EA0881950909900E240FA /* InfoPlist.strings in Resources */,
			);
			runOnlyForDeploymentPostprocessing = 0;
		};
/* End PBXResourcesBuildPhase section */

/* Begin PBXSourcesBuildPhase section */
		8C2EA0571950909900E240FA /* Sources */ = {
			isa = PBXSourcesBuildPhase;
			buildActionMask = 2147483647;
			files = (
				8C2EA0751950909900E240FA /* ViewController.m in Sources */,
				8C2EA06F1950909900E240FA /* AppDelegate.m in Sources */,
				8C2EA06B1950909900E240FA /* main.m in Sources */,
			);
			runOnlyForDeploymentPostprocessing = 0;
		};
		8C2EA0781950909900E240FA /* Sources */ = {
			isa = PBXSourcesBuildPhase;
			buildActionMask = 2147483647;
			files = (
				8C2EA08A1950909900E240FA /* UIKitAnimationsTests.m in Sources */,
			);
			runOnlyForDeploymentPostprocessing = 0;
		};
/* End PBXSourcesBuildPhase section */

/* Begin PBXTargetDependency section */
		8C2EA0821950909900E240FA /* PBXTargetDependency */ = {
			isa = PBXTargetDependency;
			target = 8C2EA05A1950909900E240FA /* UIKitAnimations */;
			targetProxy = 8C2EA0811950909900E240FA /* PBXContainerItemProxy */;
		};
/* End PBXTargetDependency section */

/* Begin PBXVariantGroup section */
		8C2EA0671950909900E240FA /* InfoPlist.strings */ = {
			isa = PBXVariantGroup;
			children = (
				8C2EA0681950909900E240FA /* en */,
			);
			name = InfoPlist.strings;
			sourceTree = "<group>";
		};
		8C2EA0701950909900E240FA /* Main.storyboard */ = {
			isa = PBXVariantGroup;
			children = (
				8C2EA0711950909900E240FA /* Base */,
			);
			name = Main.storyboard;
			sourceTree = "<group>";
		};
		8C2EA0861950909900E240FA /* InfoPlist.strings */ = {
			isa = PBXVariantGroup;
			children = (
				8C2EA0871950909900E240FA /* en */,
			);
			name = InfoPlist.strings;
			sourceTree = "<group>";
		};
/* End PBXVariantGroup section */

/* Begin XCBuildConfiguration section */
		8C2EA08B1950909900E240FA /* Debug */ = {
			isa = XCBuildConfiguration;
			buildSettings = {
				ALWAYS_SEARCH_USER_PATHS = NO;
				CLANG_CXX_LANGUAGE_STANDARD = "gnu++0x";
				CLANG_CXX_LIBRARY = "libc++";
				CLANG_ENABLE_MODULES = YES;
				CLANG_ENABLE_OBJC_ARC = YES;
				CLANG_WARN_BOOL_CONVERSION = YES;
				CLANG_WARN_CONSTANT_CONVERSION = YES;
				CLANG_WARN_DIRECT_OBJC_ISA_USAGE = YES_ERROR;
				CLANG_WARN_EMPTY_BODY = YES;
				CLANG_WARN_ENUM_CONVERSION = YES;
				CLANG_WARN_INT_CONVERSION = YES;
				CLANG_WARN_OBJC_ROOT_CLASS = YES_ERROR;
				CLANG_WARN__DUPLICATE_METHOD_MATCH = YES;
				"CODE_SIGN_IDENTITY[sdk=iphoneos*]" = "iPhone Developer";
				COPY_PHASE_STRIP = NO;
				GCC_C_LANGUAGE_STANDARD = gnu99;
				GCC_DYNAMIC_NO_PIC = NO;
				GCC_OPTIMIZATION_LEVEL = 0;
				GCC_PREPROCESSOR_DEFINITIONS = (
					"DEBUG=1",
					"$(inherited)",
				);
				GCC_SYMBOLS_PRIVATE_EXTERN = NO;
				GCC_WARN_64_TO_32_BIT_CONVERSION = YES;
				GCC_WARN_ABOUT_RETURN_TYPE = YES_ERROR;
				GCC_WARN_UNDECLARED_SELECTOR = YES;
				GCC_WARN_UNINITIALIZED_AUTOS = YES_AGGRESSIVE;
				GCC_WARN_UNUSED_FUNCTION = YES;
				GCC_WARN_UNUSED_VARIABLE = YES;
				IPHONEOS_DEPLOYMENT_TARGET = 7.1;
				ONLY_ACTIVE_ARCH = YES;
				SDKROOT = iphoneos;
				TARGETED_DEVICE_FAMILY = 2;
			};
			name = Debug;
		};
		8C2EA08C1950909900E240FA /* Release */ = {
			isa = XCBuildConfiguration;
			buildSettings = {
				ALWAYS_SEARCH_USER_PATHS = NO;
				CLANG_CXX_LANGUAGE_STANDARD = "gnu++0x";
				CLANG_CXX_LIBRARY = "libc++";
				CLANG_ENABLE_MODULES = YES;
				CLANG_ENABLE_OBJC_ARC = YES;
				CLANG_WARN_BOOL_CONVERSION = YES;
				CLANG_WARN_CONSTANT_CONVERSION = YES;
				CLANG_WARN_DIRECT_OBJC_ISA_USAGE = YES_ERROR;
				CLANG_WARN_EMPTY_BODY = YES;
				CLANG_WARN_ENUM_CONVERSION = YES;
				CLANG_WARN_INT_CONVERSION = YES;
				CLANG_WARN_OBJC_ROOT_CLASS = YES_ERROR;
				CLANG_WARN__DUPLICATE_METHOD_MATCH = YES;
				"CODE_SIGN_IDENTITY[sdk=iphoneos*]" = "iPhone Developer";
				COPY_PHASE_STRIP = YES;
				ENABLE_NS_ASSERTIONS = NO;
				GCC_C_LANGUAGE_STANDARD = gnu99;
				GCC_WARN_64_TO_32_BIT_CONVERSION = YES;
				GCC_WARN_ABOUT_RETURN_TYPE = YES_ERROR;
				GCC_WARN_UNDECLARED_SELECTOR = YES;
				GCC_WARN_UNINITIALIZED_AUTOS = YES_AGGRESSIVE;
				GCC_WARN_UNUSED_FUNCTION = YES;
				GCC_WARN_UNUSED_VARIABLE = YES;
				IPHONEOS_DEPLOYMENT_TARGET = 7.1;
				SDKROOT = iphoneos;
				TARGETED_DEVICE_FAMILY = 2;
				VALIDATE_PRODUCT = YES;
			};
			name = Release;
		};
		8C2EA08E1950909900E240FA /* Debug */ = {
			isa = XCBuildConfiguration;
			buildSettings = {
				ASSETCATALOG_COMPILER_APPICON_NAME = AppIcon;
				ASSETCATALOG_COMPILER_LAUNCHIMAGE_NAME = LaunchImage;
				GCC_PRECOMPILE_PREFIX_HEADER = YES;
				GCC_PREFIX_HEADER = "UIKitAnimations/UIKitAnimations-Prefix.pch";
				INFOPLIST_FILE = "UIKitAnimations/UIKitAnimations-Info.plist";
				PRODUCT_NAME = "$(TARGET_NAME)";
				WRAPPER_EXTENSION = app;
			};
			name = Debug;
		};
		8C2EA08F1950909900E240FA /* Release */ = {
			isa = XCBuildConfiguration;
			buildSettings = {
				ASSETCATALOG_COMPILER_APPICON_NAME = AppIcon;
				ASSETCATALOG_COMPILER_LAUNCHIMAGE_NAME = LaunchImage;
				GCC_PRECOMPILE_PREFIX_HEADER = YES;
				GCC_PREFIX_HEADER = "UIKitAnimations/UIKitAnimations-Prefix.pch";
				INFOPLIST_FILE = "UIKitAnimations/UIKitAnimations-Info.plist";
				PRODUCT_NAME = "$(TARGET_NAME)";
				WRAPPER_EXTENSION = app;
			};
			name = Release;
		};
		8C2EA0911950909900E240FA /* Debug */ = {
			isa = XCBuildConfiguration;
			buildSettings = {
				BUNDLE_LOADER = "$(BUILT_PRODUCTS_DIR)/UIKitAnimations.app/UIKitAnimations";
				FRAMEWORK_SEARCH_PATHS = (
					"$(SDKROOT)/Developer/Library/Frameworks",
					"$(inherited)",
					"$(DEVELOPER_FRAMEWORKS_DIR)",
				);
				GCC_PRECOMPILE_PREFIX_HEADER = YES;
				GCC_PREFIX_HEADER = "UIKitAnimations/UIKitAnimations-Prefix.pch";
				GCC_PREPROCESSOR_DEFINITIONS = (
					"DEBUG=1",
					"$(inherited)",
				);
				INFOPLIST_FILE = "UIKitAnimationsTests/UIKitAnimationsTests-Info.plist";
				PRODUCT_NAME = "$(TARGET_NAME)";
				TEST_HOST = "$(BUNDLE_LOADER)";
				WRAPPER_EXTENSION = xctest;
			};
			name = Debug;
		};
		8C2EA0921950909900E240FA /* Release */ = {
			isa = XCBuildConfiguration;
			buildSettings = {
				BUNDLE_LOADER = "$(BUILT_PRODUCTS_DIR)/UIKitAnimations.app/UIKitAnimations";
				FRAMEWORK_SEARCH_PATHS = (
					"$(SDKROOT)/Developer/Library/Frameworks",
					"$(inherited)",
					"$(DEVELOPER_FRAMEWORKS_DIR)",
				);
				GCC_PRECOMPILE_PREFIX_HEADER = YES;
				GCC_PREFIX_HEADER = "UIKitAnimations/UIKitAnimations-Prefix.pch";
				INFOPLIST_FILE = "UIKitAnimationsTests/UIKitAnimationsTests-Info.plist";
				PRODUCT_NAME = "$(TARGET_NAME)";
				TEST_HOST = "$(BUNDLE_LOADER)";
				WRAPPER_EXTENSION = xctest;
			};
			name = Release;
		};
/* End XCBuildConfiguration section */

/* Begin XCConfigurationList section */
		8C2EA0561950909900E240FA /* Build configuration list for PBXProject "UIKitAnimations" */ = {
			isa = XCConfigurationList;
			buildConfigurations = (
				8C2EA08B1950909900E240FA /* Debug */,
				8C2EA08C1950909900E240FA /* Release */,
			);
			defaultConfigurationIsVisible = 0;
			defaultConfigurationName = Release;
		};
		8C2EA08D1950909900E240FA /* Build configuration list for PBXNativeTarget "UIKitAnimations" */ = {
			isa = XCConfigurationList;
			buildConfigurations = (
				8C2EA08E1950909900E240FA /* Debug */,
				8C2EA08F1950909900E240FA /* Release */,
			);
			defaultConfigurationIsVisible = 0;
		};
		8C2EA0901950909900E240FA /* Build configuration list for PBXNativeTarget "UIKitAnimationsTests" */ = {
			isa = XCConfigurationList;
			buildConfigurations = (
				8C2EA0911950909900E240FA /* Debug */,
				8C2EA0921950909900E240FA /* Release */,
			);
			defaultConfigurationIsVisible = 0;
		};
/* End XCConfigurationList section */
	};
	rootObject = 8C2EA0531950909900E240FA /* Project object */;
}
